<?xml version="1.0" encoding="utf-8"?>
<Project ToolsVersion="4.0" xmlns="http://schemas.microsoft.com/developer/msbuild/2003">
  <ItemGroup>
    <Filter Include="Source Files">
      <UniqueIdentifier>{4FC737F1-C7A5-4376-A066-2A32D752A2FF}</UniqueIdentifier>
      <Extensions>cpp;c;cc;cxx;c++;cppm;ixx;def;odl;idl;hpj;bat;asm;asmx</Extensions>
    </Filter>
    <Filter Include="Header Files">
      <UniqueIdentifier>{93995380-89BD-4b04-88EB-625FBE52EBFB}</UniqueIdentifier>
      <Extensions>h;hh;hpp;hxx;h++;hm;inl;inc;ipp;xsd</Extensions>
    </Filter>
    <Filter Include="Resource Files">
      <UniqueIdentifier>{67DA6AB6-F800-4c08-8B7A-83BB121AAD01}</UniqueIdentifier>
      <Extensions>rc;ico;cur;bmp;dlg;rc2;rct;bin;rgs;gif;jpg;jpeg;jpe;resx;tiff;tif;png;wav;mfcribbon-ms</Extensions>
    </Filter>
  </ItemGroup>
  <ItemGroup>
    <ClCompile Include="main.cpp">
      <Filter>Source Files</Filter>
    </ClCompile>
    <ClCompile Include="SystemManager.cpp">
      <Filter>Source Files</Filter>
    </ClCompile>
    <ClCompile Include="RenderingPipeline.cpp">
      <Filter>Source Files</Filter>
    </ClCompile>
    <ClCompile Include="EditorModelInterface.cpp">
      <Filter>Source Files</Filter>
    </ClCompile>
    <ClCompile Include="GameContext.cpp">
      <Filter>Source Files</Filter>
    </ClCompile>
    <ClCompile Include="StaticModel.cpp">
      <Filter>Source Files</Filter>
    </ClCompile>
    <ClCompile Include="EditorParams.cpp">
      <Filter>Source Files</Filter>
    </ClCompile>
    <ClCompile Include="EditorTypes.cpp">
      <Filter>Source Files</Filter>
    </ClCompile>
    <ClCompile Include="Notifier.cpp">
      <Filter>Source Files</Filter>
    </ClCompile>
    <ClCompile Include="Entity.cpp">
      <Filter>Source Files</Filter>
    </ClCompile>
    <ClCompile Include="ComponentInterface.cpp">
      <Filter>Source Files</Filter>
    </ClCompile>
    <ClCompile Include="EntityContainer.cpp">
      <Filter>Source Files</Filter>
    </ClCompile>
    <ClCompile Include="ComponentInstancier.cpp">
      <Filter>Source Files</Filter>
    </ClCompile>
    <ClCompile Include="EditorConfiguration.cpp">
      <Filter>Source Files</Filter>
    </ClCompile>
    <ClCompile Include="DebugRenderingManager.cpp">
      <Filter>Source Files</Filter>
    </ClCompile>
    <ClCompile Include="ContaminationEmitter.cpp">
      <Filter>Source Files</Filter>
    </ClCompile>
    <ClCompile Include="MaterialEditor.cpp">
      <Filter>Source Files</Filter>
    </ClCompile>
    <ClCompile Include="ParameterGroupInterface.cpp">
      <Filter>Source Files</Filter>
    </ClCompile>
    <ClCompile Include="ContaminationReceiver.cpp">
      <Filter>Source Files</Filter>
    </ClCompile>
    <ClCompile Include="PlayerComponent.cpp">
      <Filter>Source Files</Filter>
    </ClCompile>
    <ClCompile Include="ContaminationUpdatePass.cpp">
      <Filter>Source Files</Filter>
    </ClCompile>
    <ClCompile Include="PointLight.cpp">
      <Filter>Source Files</Filter>
    </ClCompile>
    <ClCompile Include="RenderingPipelineInterface.cpp">
      <Filter>Source Files</Filter>
    </ClCompile>
    <ClCompile Include="ForwardPass.cpp">
      <Filter>Source Files</Filter>
    </ClCompile>
    <ClCompile Include="EditorLightInterface.cpp">
      <Filter>Source Files</Filter>
    </ClCompile>
    <ClCompile Include="MaterialListFakeEntity.cpp">
      <Filter>Source Files</Filter>
    </ClCompile>
    <ClCompile Include="ParticleEmitter.cpp">
      <Filter>Source Files</Filter>
    </ClCompile>
    <ClCompile Include="Particle.cpp">
      <Filter>Source Files</Filter>
    </ClCompile>
    <ClCompile Include="ParticleUpdatePass.cpp">
      <Filter>Source Files</Filter>
    </ClCompile>
    <ClCompile Include="SkyLight.cpp">
      <Filter>Source Files</Filter>
    </ClCompile>
    <ClCompile Include="CascadedShadowMapsPass.cpp">
      <Filter>Source Files</Filter>
    </ClCompile>
    <ClCompile Include="ShadowMaskPassInterface.cpp">
      <Filter>Source Files</Filter>
    </ClCompile>
    <ClCompile Include="ShadowMaskPassCascadedShadowMapping.cpp">
      <Filter>Source Files</Filter>
    </ClCompile>
    <ClCompile Include="PreDepthPass.cpp">
      <Filter>Source Files</Filter>
    </ClCompile>
    <ClCompile Include="ParticleSeparateRenderPass.cpp">
      <Filter>Source Files</Filter>
    </ClCompile>
  </ItemGroup>
  <ItemGroup>
    <ClInclude Include="Vertex2DTextured.h">
      <Filter>Header Files</Filter>
    </ClInclude>
    <ClInclude Include="SystemManager.h">
      <Filter>Header Files</Filter>
    </ClInclude>
    <ClInclude Include="RenderingPipeline.h">
      <Filter>Header Files</Filter>
    </ClInclude>
    <ClInclude Include="EditorModelInterface.h">
      <Filter>Header Files</Filter>
    </ClInclude>
    <ClInclude Include="GameContext.h">
      <Filter>Header Files</Filter>
    </ClInclude>
    <ClInclude Include="StaticModel.h">
      <Filter>Header Files</Filter>
    </ClInclude>
    <ClInclude Include="EditorParams.h">
      <Filter>Header Files</Filter>
    </ClInclude>
    <ClInclude Include="EditorTypes.h">
      <Filter>Header Files</Filter>
    </ClInclude>
    <ClInclude Include="Notifier.h">
      <Filter>Header Files</Filter>
    </ClInclude>
    <ClInclude Include="Entity.h">
      <Filter>Header Files</Filter>
    </ClInclude>
    <ClInclude Include="ComponentInterface.h">
      <Filter>Header Files</Filter>
    </ClInclude>
    <ClInclude Include="EntityContainer.h">
      <Filter>Header Files</Filter>
    </ClInclude>
    <ClInclude Include="EditorParamsHelper.h">
      <Filter>Header Files</Filter>
    </ClInclude>
    <ClInclude Include="ComponentInstancier.h">
      <Filter>Header Files</Filter>
    </ClInclude>
    <ClInclude Include="EditorConfiguration.h">
      <Filter>Header Files</Filter>
    </ClInclude>
    <ClInclude Include="DebugRenderingManager.h">
      <Filter>Header Files</Filter>
    </ClInclude>
    <ClInclude Include="ContaminationEmitter.h">
      <Filter>Header Files</Filter>
    </ClInclude>
    <ClInclude Include="MaterialEditor.h">
      <Filter>Header Files</Filter>
    </ClInclude>
    <ClInclude Include="ParameterGroupInterface.h">
      <Filter>Header Files</Filter>
    </ClInclude>
    <ClInclude Include="EditorTypesTemplated.h">
      <Filter>Header Files</Filter>
    </ClInclude>
    <ClInclude Include="ContaminationReceiver.h">
      <Filter>Header Files</Filter>
    </ClInclude>
    <ClInclude Include="PlayerComponent.h">
      <Filter>Header Files</Filter>
    </ClInclude>
    <ClInclude Include="ContaminationUpdatePass.h">
      <Filter>Header Files</Filter>
    </ClInclude>
    <ClInclude Include="ShootInfo.h">
      <Filter>Header Files</Filter>
    </ClInclude>
    <ClInclude Include="PointLight.h">
      <Filter>Header Files</Filter>
    </ClInclude>
    <ClInclude Include="RenderingPipelineInterface.h">
      <Filter>Header Files</Filter>
    </ClInclude>
    <ClInclude Include="ForwardPass.h">
      <Filter>Header Files</Filter>
    </ClInclude>
    <ClInclude Include="EditorLightInterface.h">
      <Filter>Header Files</Filter>
    </ClInclude>
    <ClInclude Include="MaterialListFakeEntity.h">
      <Filter>Header Files</Filter>
    </ClInclude>
    <ClInclude Include="ParticleEmitter.h">
      <Filter>Header Files</Filter>
    </ClInclude>
    <ClInclude Include="Particle.h">
      <Filter>Header Files</Filter>
    </ClInclude>
    <ClInclude Include="ParticleUpdatePass.h">
      <Filter>Header Files</Filter>
    </ClInclude>
    <ClInclude Include="SkyLight.h">
      <Filter>Header Files</Filter>
    </ClInclude>
    <ClInclude Include="CascadedShadowMapsPass.h">
      <Filter>Header Files</Filter>
    </ClInclude>
    <ClInclude Include="CommonLayouts.h">
      <Filter>Header Files</Filter>
    </ClInclude>
    <ClInclude Include="ShadowMaskPassInterface.h">
      <Filter>Header Files</Filter>
    </ClInclude>
    <ClInclude Include="ShadowMaskPassCascadedShadowMapping.h">
      <Filter>Header Files</Filter>
    </ClInclude>
    <ClInclude Include="PreDepthPass.h">
      <Filter>Header Files</Filter>
    </ClInclude>
    <ClInclude Include="ParticleSeparateRenderPass.h">
      <Filter>Header Files</Filter>
    </ClInclude>
  </ItemGroup>
</Project>